// !$*UTF8*$!
{
	archiveVersion = 1;
	classes = {
	};
	objectVersion = 56;
	objects = {

/* Begin PBXBuildFile section */
		00BE01522B59C99A003DD59C /* AppDelegate.swift in Sources */ = {isa = PBXBuildFile; fileRef = 00BE01512B59C99A003DD59C /* AppDelegate.swift */; };
		00BE01542B59C99A003DD59C /* SceneDelegate.swift in Sources */ = {isa = PBXBuildFile; fileRef = 00BE01532B59C99A003DD59C /* SceneDelegate.swift */; };
		00BE015B2B59C99C003DD59C /* Assets.xcassets in Resources */ = {isa = PBXBuildFile; fileRef = 00BE015A2B59C99C003DD59C /* Assets.xcassets */; };
		00BE015E2B59C99C003DD59C /* LaunchScreen.storyboard in Resources */ = {isa = PBXBuildFile; fileRef = 00BE015C2B59C99C003DD59C /* LaunchScreen.storyboard */; };
		00BE01692B59C99C003DD59C /* ArtGalleryTests.swift in Sources */ = {isa = PBXBuildFile; fileRef = 00BE01682B59C99C003DD59C /* ArtGalleryTests.swift */; };
		00BE01732B59C99D003DD59C /* ArtGalleryUITests.swift in Sources */ = {isa = PBXBuildFile; fileRef = 00BE01722B59C99D003DD59C /* ArtGalleryUITests.swift */; };
		00BE01752B59C99D003DD59C /* ArtGalleryUITestsLaunchTests.swift in Sources */ = {isa = PBXBuildFile; fileRef = 00BE01742B59C99D003DD59C /* ArtGalleryUITestsLaunchTests.swift */; };
		00BE01862B59D3B5003DD59C /* NetworkProvider.swift in Sources */ = {isa = PBXBuildFile; fileRef = 00BE01852B59D3B5003DD59C /* NetworkProvider.swift */; };
		00BE01892B59D4E0003DD59C /* NetworkServiceProtocol.swift in Sources */ = {isa = PBXBuildFile; fileRef = 00BE01882B59D4E0003DD59C /* NetworkServiceProtocol.swift */; };
		00BE018B2B59D634003DD59C /* NetworkResponseData.swift in Sources */ = {isa = PBXBuildFile; fileRef = 00BE018A2B59D634003DD59C /* NetworkResponseData.swift */; };
		00BE018D2B59D6FB003DD59C /* NetworkHTTPMethod.swift in Sources */ = {isa = PBXBuildFile; fileRef = 00BE018C2B59D6FB003DD59C /* NetworkHTTPMethod.swift */; };
		00BE01902B5A8376003DD59C /* NetworkService.swift in Sources */ = {isa = PBXBuildFile; fileRef = 00BE018F2B5A8376003DD59C /* NetworkService.swift */; };
		00BE01922B5A84C5003DD59C /* NetworkError.swift in Sources */ = {isa = PBXBuildFile; fileRef = 00BE01912B5A84C5003DD59C /* NetworkError.swift */; };
		00BE01942B5A88BC003DD59C /* ArtworksServiceProtocol.swift in Sources */ = {isa = PBXBuildFile; fileRef = 00BE01932B5A88BC003DD59C /* ArtworksServiceProtocol.swift */; };
		00BE01982B5A8B8A003DD59C /* ArtworkModel.swift in Sources */ = {isa = PBXBuildFile; fileRef = 00BE01972B5A8B8A003DD59C /* ArtworkModel.swift */; };
		00BE019A2B5A8F44003DD59C /* ArtworksViewController.swift in Sources */ = {isa = PBXBuildFile; fileRef = 00BE01992B5A8F44003DD59C /* ArtworksViewController.swift */; };
		00BE019C2B5A8F7F003DD59C /* ArtworksPresenter.swift in Sources */ = {isa = PBXBuildFile; fileRef = 00BE019B2B5A8F7F003DD59C /* ArtworksPresenter.swift */; };
		00BE01A02B5AAA6E003DD59C /* ArtworkCell.xib in Resources */ = {isa = PBXBuildFile; fileRef = 00BE019F2B5AAA6E003DD59C /* ArtworkCell.xib */; };
		00BE01A22B5AAB3A003DD59C /* ArtworkCell.swift in Sources */ = {isa = PBXBuildFile; fileRef = 00BE01A12B5AAB3A003DD59C /* ArtworkCell.swift */; };
		00BE01A42B5B12A5003DD59C /* ArtworksService.swift in Sources */ = {isa = PBXBuildFile; fileRef = 00BE01A32B5B12A5003DD59C /* ArtworksService.swift */; };
		00BE01A62B5B1D5B003DD59C /* RootModel.swift in Sources */ = {isa = PBXBuildFile; fileRef = 00BE01A52B5B1D5B003DD59C /* RootModel.swift */; };
		00BE01A92B5D2A57003DD59C /* ArtistsServiceProtocol.swift in Sources */ = {isa = PBXBuildFile; fileRef = 00BE01A82B5D2A57003DD59C /* ArtistsServiceProtocol.swift */; };
		00BE01AB2B5D2A5F003DD59C /* ArtistsService.swift in Sources */ = {isa = PBXBuildFile; fileRef = 00BE01AA2B5D2A5F003DD59C /* ArtistsService.swift */; };
		00BE01AF2B5D2D30003DD59C /* ArtistModel.swift in Sources */ = {isa = PBXBuildFile; fileRef = 00BE01AE2B5D2D30003DD59C /* ArtistModel.swift */; };
/* End PBXBuildFile section */

/* Begin PBXContainerItemProxy section */
		00BE01652B59C99C003DD59C /* PBXContainerItemProxy */ = {
			isa = PBXContainerItemProxy;
			containerPortal = 00BE01462B59C99A003DD59C /* Project object */;
			proxyType = 1;
			remoteGlobalIDString = 00BE014D2B59C99A003DD59C;
			remoteInfo = ArtGallery;
		};
		00BE016F2B59C99D003DD59C /* PBXContainerItemProxy */ = {
			isa = PBXContainerItemProxy;
			containerPortal = 00BE01462B59C99A003DD59C /* Project object */;
			proxyType = 1;
			remoteGlobalIDString = 00BE014D2B59C99A003DD59C;
			remoteInfo = ArtGallery;
		};
/* End PBXContainerItemProxy section */

/* Begin PBXFileReference section */
		00BE014E2B59C99A003DD59C /* ArtGallery.app */ = {isa = PBXFileReference; explicitFileType = wrapper.application; includeInIndex = 0; path = ArtGallery.app; sourceTree = BUILT_PRODUCTS_DIR; };
		00BE01512B59C99A003DD59C /* AppDelegate.swift */ = {isa = PBXFileReference; lastKnownFileType = sourcecode.swift; path = AppDelegate.swift; sourceTree = "<group>"; };
		00BE01532B59C99A003DD59C /* SceneDelegate.swift */ = {isa = PBXFileReference; lastKnownFileType = sourcecode.swift; path = SceneDelegate.swift; sourceTree = "<group>"; };
		00BE015A2B59C99C003DD59C /* Assets.xcassets */ = {isa = PBXFileReference; lastKnownFileType = folder.assetcatalog; path = Assets.xcassets; sourceTree = "<group>"; };
		00BE015D2B59C99C003DD59C /* Base */ = {isa = PBXFileReference; lastKnownFileType = file.storyboard; name = Base; path = Base.lproj/LaunchScreen.storyboard; sourceTree = "<group>"; };
		00BE015F2B59C99C003DD59C /* Info.plist */ = {isa = PBXFileReference; lastKnownFileType = text.plist.xml; path = Info.plist; sourceTree = "<group>"; };
		00BE01642B59C99C003DD59C /* ArtGalleryTests.xctest */ = {isa = PBXFileReference; explicitFileType = wrapper.cfbundle; includeInIndex = 0; path = ArtGalleryTests.xctest; sourceTree = BUILT_PRODUCTS_DIR; };
		00BE01682B59C99C003DD59C /* ArtGalleryTests.swift */ = {isa = PBXFileReference; lastKnownFileType = sourcecode.swift; path = ArtGalleryTests.swift; sourceTree = "<group>"; };
		00BE016E2B59C99D003DD59C /* ArtGalleryUITests.xctest */ = {isa = PBXFileReference; explicitFileType = wrapper.cfbundle; includeInIndex = 0; path = ArtGalleryUITests.xctest; sourceTree = BUILT_PRODUCTS_DIR; };
		00BE01722B59C99D003DD59C /* ArtGalleryUITests.swift */ = {isa = PBXFileReference; lastKnownFileType = sourcecode.swift; path = ArtGalleryUITests.swift; sourceTree = "<group>"; };
		00BE01742B59C99D003DD59C /* ArtGalleryUITestsLaunchTests.swift */ = {isa = PBXFileReference; lastKnownFileType = sourcecode.swift; path = ArtGalleryUITestsLaunchTests.swift; sourceTree = "<group>"; };
		00BE01852B59D3B5003DD59C /* NetworkProvider.swift */ = {isa = PBXFileReference; lastKnownFileType = sourcecode.swift; path = NetworkProvider.swift; sourceTree = "<group>"; };
		00BE01882B59D4E0003DD59C /* NetworkServiceProtocol.swift */ = {isa = PBXFileReference; lastKnownFileType = sourcecode.swift; path = NetworkServiceProtocol.swift; sourceTree = "<group>"; };
		00BE018A2B59D634003DD59C /* NetworkResponseData.swift */ = {isa = PBXFileReference; lastKnownFileType = sourcecode.swift; path = NetworkResponseData.swift; sourceTree = "<group>"; };
		00BE018C2B59D6FB003DD59C /* NetworkHTTPMethod.swift */ = {isa = PBXFileReference; lastKnownFileType = sourcecode.swift; path = NetworkHTTPMethod.swift; sourceTree = "<group>"; };
		00BE018F2B5A8376003DD59C /* NetworkService.swift */ = {isa = PBXFileReference; lastKnownFileType = sourcecode.swift; path = NetworkService.swift; sourceTree = "<group>"; };
		00BE01912B5A84C5003DD59C /* NetworkError.swift */ = {isa = PBXFileReference; lastKnownFileType = sourcecode.swift; path = NetworkError.swift; sourceTree = "<group>"; };
		00BE01932B5A88BC003DD59C /* ArtworksServiceProtocol.swift */ = {isa = PBXFileReference; lastKnownFileType = sourcecode.swift; path = ArtworksServiceProtocol.swift; sourceTree = "<group>"; };
		00BE01972B5A8B8A003DD59C /* ArtworkModel.swift */ = {isa = PBXFileReference; lastKnownFileType = sourcecode.swift; path = ArtworkModel.swift; sourceTree = "<group>"; };
		00BE01992B5A8F44003DD59C /* ArtworksViewController.swift */ = {isa = PBXFileReference; lastKnownFileType = sourcecode.swift; path = ArtworksViewController.swift; sourceTree = "<group>"; };
		00BE019B2B5A8F7F003DD59C /* ArtworksPresenter.swift */ = {isa = PBXFileReference; lastKnownFileType = sourcecode.swift; path = ArtworksPresenter.swift; sourceTree = "<group>"; };
		00BE019F2B5AAA6E003DD59C /* ArtworkCell.xib */ = {isa = PBXFileReference; lastKnownFileType = file.xib; path = ArtworkCell.xib; sourceTree = "<group>"; };
		00BE01A12B5AAB3A003DD59C /* ArtworkCell.swift */ = {isa = PBXFileReference; lastKnownFileType = sourcecode.swift; path = ArtworkCell.swift; sourceTree = "<group>"; };
		00BE01A32B5B12A5003DD59C /* ArtworksService.swift */ = {isa = PBXFileReference; lastKnownFileType = sourcecode.swift; path = ArtworksService.swift; sourceTree = "<group>"; };
		00BE01A52B5B1D5B003DD59C /* RootModel.swift */ = {isa = PBXFileReference; lastKnownFileType = sourcecode.swift; path = RootModel.swift; sourceTree = "<group>"; };
		00BE01A82B5D2A57003DD59C /* ArtistsServiceProtocol.swift */ = {isa = PBXFileReference; lastKnownFileType = sourcecode.swift; path = ArtistsServiceProtocol.swift; sourceTree = "<group>"; };
		00BE01AA2B5D2A5F003DD59C /* ArtistsService.swift */ = {isa = PBXFileReference; lastKnownFileType = sourcecode.swift; path = ArtistsService.swift; sourceTree = "<group>"; };
		00BE01AE2B5D2D30003DD59C /* ArtistModel.swift */ = {isa = PBXFileReference; lastKnownFileType = sourcecode.swift; path = ArtistModel.swift; sourceTree = "<group>"; };
/* End PBXFileReference section */

/* Begin PBXFrameworksBuildPhase section */
		00BE014B2B59C99A003DD59C /* Frameworks */ = {
			isa = PBXFrameworksBuildPhase;
			buildActionMask = 2147483647;
			files = (
			);
			runOnlyForDeploymentPostprocessing = 0;
		};
		00BE01612B59C99C003DD59C /* Frameworks */ = {
			isa = PBXFrameworksBuildPhase;
			buildActionMask = 2147483647;
			files = (
			);
			runOnlyForDeploymentPostprocessing = 0;
		};
		00BE016B2B59C99D003DD59C /* Frameworks */ = {
			isa = PBXFrameworksBuildPhase;
			buildActionMask = 2147483647;
			files = (
			);
			runOnlyForDeploymentPostprocessing = 0;
		};
/* End PBXFrameworksBuildPhase section */

/* Begin PBXGroup section */
		00BE01452B59C99A003DD59C = {
			isa = PBXGroup;
			children = (
				00BE01502B59C99A003DD59C /* ArtGallery */,
				00BE01672B59C99C003DD59C /* ArtGalleryTests */,
				00BE01712B59C99D003DD59C /* ArtGalleryUITests */,
				00BE014F2B59C99A003DD59C /* Products */,
			);
			sourceTree = "<group>";
		};
		00BE014F2B59C99A003DD59C /* Products */ = {
			isa = PBXGroup;
			children = (
				00BE014E2B59C99A003DD59C /* ArtGallery.app */,
				00BE01642B59C99C003DD59C /* ArtGalleryTests.xctest */,
				00BE016E2B59C99D003DD59C /* ArtGalleryUITests.xctest */,
			);
			name = Products;
			sourceTree = "<group>";
		};
		00BE01502B59C99A003DD59C /* ArtGallery */ = {
			isa = PBXGroup;
			children = (
				00BE01952B5A8B6D003DD59C /* Domain */,
				00BE01842B59CA46003DD59C /* ArtistDetails */,
				00BE01832B59CA3C003DD59C /* Artworks */,
				00BE01822B59CA1F003DD59C /* Storage */,
				00BE01812B59CA11003DD59C /* NetworkLayer */,
				00BE01512B59C99A003DD59C /* AppDelegate.swift */,
				00BE01532B59C99A003DD59C /* SceneDelegate.swift */,
				00BE015A2B59C99C003DD59C /* Assets.xcassets */,
				00BE015C2B59C99C003DD59C /* LaunchScreen.storyboard */,
				00BE015F2B59C99C003DD59C /* Info.plist */,
			);
			path = ArtGallery;
			sourceTree = "<group>";
		};
		00BE01672B59C99C003DD59C /* ArtGalleryTests */ = {
			isa = PBXGroup;
			children = (
				00BE01682B59C99C003DD59C /* ArtGalleryTests.swift */,
			);
			path = ArtGalleryTests;
			sourceTree = "<group>";
		};
		00BE01712B59C99D003DD59C /* ArtGalleryUITests */ = {
			isa = PBXGroup;
			children = (
				00BE01722B59C99D003DD59C /* ArtGalleryUITests.swift */,
				00BE01742B59C99D003DD59C /* ArtGalleryUITestsLaunchTests.swift */,
			);
			path = ArtGalleryUITests;
			sourceTree = "<group>";
		};
		00BE01812B59CA11003DD59C /* NetworkLayer */ = {
			isa = PBXGroup;
			children = (
				00BE01A72B5D2A48003DD59C /* Artists */,
				00BE018E2B59D755003DD59C /* Artworks */,
				00BE01872B59D4D8003DD59C /* Request */,
				00BE01852B59D3B5003DD59C /* NetworkProvider.swift */,
			);
			path = NetworkLayer;
			sourceTree = "<group>";
		};
		00BE01822B59CA1F003DD59C /* Storage */ = {
			isa = PBXGroup;
			children = (
			);
			path = Storage;
			sourceTree = "<group>";
		};
		00BE01832B59CA3C003DD59C /* Artworks */ = {
			isa = PBXGroup;
			children = (
				00BE01992B5A8F44003DD59C /* ArtworksViewController.swift */,
				00BE019B2B5A8F7F003DD59C /* ArtworksPresenter.swift */,
				00BE019F2B5AAA6E003DD59C /* ArtworkCell.xib */,
				00BE01A12B5AAB3A003DD59C /* ArtworkCell.swift */,
			);
			path = Artworks;
			sourceTree = "<group>";
		};
		00BE01842B59CA46003DD59C /* ArtistDetails */ = {
			isa = PBXGroup;
			children = (
			);
			path = ArtistDetails;
			sourceTree = "<group>";
		};
		00BE01872B59D4D8003DD59C /* Request */ = {
			isa = PBXGroup;
			children = (
				00BE01882B59D4E0003DD59C /* NetworkServiceProtocol.swift */,
				00BE018A2B59D634003DD59C /* NetworkResponseData.swift */,
				00BE018C2B59D6FB003DD59C /* NetworkHTTPMethod.swift */,
				00BE01912B5A84C5003DD59C /* NetworkError.swift */,
				00BE018F2B5A8376003DD59C /* NetworkService.swift */,
			);
			path = Request;
			sourceTree = "<group>";
		};
		00BE018E2B59D755003DD59C /* Artworks */ = {
			isa = PBXGroup;
			children = (
				00BE01932B5A88BC003DD59C /* ArtworksServiceProtocol.swift */,
				00BE01A32B5B12A5003DD59C /* ArtworksService.swift */,
			);
			path = Artworks;
			sourceTree = "<group>";
		};
		00BE01952B5A8B6D003DD59C /* Domain */ = {
			isa = PBXGroup;
			children = (
				00BE01AD2B5D2D14003DD59C /* Root */,
				00BE01AC2B5D2B21003DD59C /* Artists */,
				00BE01962B5A8B73003DD59C /* Artworks */,
			);
			path = Domain;
			sourceTree = "<group>";
		};
		00BE01962B5A8B73003DD59C /* Artworks */ = {
			isa = PBXGroup;
			children = (
				00BE01972B5A8B8A003DD59C /* ArtworkModel.swift */,
			);
			path = Artworks;
			sourceTree = "<group>";
		};
		00BE01A72B5D2A48003DD59C /* Artists */ = {
			isa = PBXGroup;
			children = (
				00BE01A82B5D2A57003DD59C /* ArtistsServiceProtocol.swift */,
				00BE01AA2B5D2A5F003DD59C /* ArtistsService.swift */,
			);
			path = Artists;
			sourceTree = "<group>";
		};
		00BE01AC2B5D2B21003DD59C /* Artists */ = {
			isa = PBXGroup;
			children = (
				00BE01AE2B5D2D30003DD59C /* ArtistModel.swift */,
			);
			path = Artists;
			sourceTree = "<group>";
		};
		00BE01AD2B5D2D14003DD59C /* Root */ = {
			isa = PBXGroup;
			children = (
				00BE01A52B5B1D5B003DD59C /* RootModel.swift */,
			);
			path = Root;
			sourceTree = "<group>";
		};
/* End PBXGroup section */

/* Begin PBXNativeTarget section */
		00BE014D2B59C99A003DD59C /* ArtGallery */ = {
			isa = PBXNativeTarget;
			buildConfigurationList = 00BE01782B59C99D003DD59C /* Build configuration list for PBXNativeTarget "ArtGallery" */;
			buildPhases = (
				00BE014A2B59C99A003DD59C /* Sources */,
				00BE014B2B59C99A003DD59C /* Frameworks */,
				00BE014C2B59C99A003DD59C /* Resources */,
			);
			buildRules = (
			);
			dependencies = (
			);
			name = ArtGallery;
			productName = ArtGallery;
			productReference = 00BE014E2B59C99A003DD59C /* ArtGallery.app */;
			productType = "com.apple.product-type.application";
		};
		00BE01632B59C99C003DD59C /* ArtGalleryTests */ = {
			isa = PBXNativeTarget;
			buildConfigurationList = 00BE017B2B59C99D003DD59C /* Build configuration list for PBXNativeTarget "ArtGalleryTests" */;
			buildPhases = (
				00BE01602B59C99C003DD59C /* Sources */,
				00BE01612B59C99C003DD59C /* Frameworks */,
				00BE01622B59C99C003DD59C /* Resources */,
			);
			buildRules = (
			);
			dependencies = (
				00BE01662B59C99C003DD59C /* PBXTargetDependency */,
			);
			name = ArtGalleryTests;
			productName = ArtGalleryTests;
			productReference = 00BE01642B59C99C003DD59C /* ArtGalleryTests.xctest */;
			productType = "com.apple.product-type.bundle.unit-test";
		};
		00BE016D2B59C99D003DD59C /* ArtGalleryUITests */ = {
			isa = PBXNativeTarget;
			buildConfigurationList = 00BE017E2B59C99D003DD59C /* Build configuration list for PBXNativeTarget "ArtGalleryUITests" */;
			buildPhases = (
				00BE016A2B59C99D003DD59C /* Sources */,
				00BE016B2B59C99D003DD59C /* Frameworks */,
				00BE016C2B59C99D003DD59C /* Resources */,
			);
			buildRules = (
			);
			dependencies = (
				00BE01702B59C99D003DD59C /* PBXTargetDependency */,
			);
			name = ArtGalleryUITests;
			productName = ArtGalleryUITests;
			productReference = 00BE016E2B59C99D003DD59C /* ArtGalleryUITests.xctest */;
			productType = "com.apple.product-type.bundle.ui-testing";
		};
/* End PBXNativeTarget section */

/* Begin PBXProject section */
		00BE01462B59C99A003DD59C /* Project object */ = {
			isa = PBXProject;
			attributes = {
				BuildIndependentTargetsInParallel = 1;
				LastSwiftUpdateCheck = 1510;
				LastUpgradeCheck = 1510;
				TargetAttributes = {
					00BE014D2B59C99A003DD59C = {
						CreatedOnToolsVersion = 15.1;
					};
					00BE01632B59C99C003DD59C = {
						CreatedOnToolsVersion = 15.1;
						TestTargetID = 00BE014D2B59C99A003DD59C;
					};
					00BE016D2B59C99D003DD59C = {
						CreatedOnToolsVersion = 15.1;
						TestTargetID = 00BE014D2B59C99A003DD59C;
					};
				};
			};
			buildConfigurationList = 00BE01492B59C99A003DD59C /* Build configuration list for PBXProject "ArtGallery" */;
			compatibilityVersion = "Xcode 14.0";
			developmentRegion = en;
			hasScannedForEncodings = 0;
			knownRegions = (
				en,
				Base,
			);
			mainGroup = 00BE01452B59C99A003DD59C;
			productRefGroup = 00BE014F2B59C99A003DD59C /* Products */;
			projectDirPath = "";
			projectRoot = "";
			targets = (
				00BE014D2B59C99A003DD59C /* ArtGallery */,
				00BE01632B59C99C003DD59C /* ArtGalleryTests */,
				00BE016D2B59C99D003DD59C /* ArtGalleryUITests */,
			);
		};
/* End PBXProject section */

/* Begin PBXResourcesBuildPhase section */
		00BE014C2B59C99A003DD59C /* Resources */ = {
			isa = PBXResourcesBuildPhase;
			buildActionMask = 2147483647;
			files = (
				00BE015E2B59C99C003DD59C /* LaunchScreen.storyboard in Resources */,
				00BE01A02B5AAA6E003DD59C /* ArtworkCell.xib in Resources */,
				00BE015B2B59C99C003DD59C /* Assets.xcassets in Resources */,
			);
			runOnlyForDeploymentPostprocessing = 0;
		};
		00BE01622B59C99C003DD59C /* Resources */ = {
			isa = PBXResourcesBuildPhase;
			buildActionMask = 2147483647;
			files = (
			);
			runOnlyForDeploymentPostprocessing = 0;
		};
		00BE016C2B59C99D003DD59C /* Resources */ = {
			isa = PBXResourcesBuildPhase;
			buildActionMask = 2147483647;
			files = (
			);
			runOnlyForDeploymentPostprocessing = 0;
		};
/* End PBXResourcesBuildPhase section */

/* Begin PBXSourcesBuildPhase section */
		00BE014A2B59C99A003DD59C /* Sources */ = {
			isa = PBXSourcesBuildPhase;
			buildActionMask = 2147483647;
			files = (
				00BE01AB2B5D2A5F003DD59C /* ArtistsService.swift in Sources */,
				00BE01A92B5D2A57003DD59C /* ArtistsServiceProtocol.swift in Sources */,
				00BE01982B5A8B8A003DD59C /* ArtworkModel.swift in Sources */,
				00BE01862B59D3B5003DD59C /* NetworkProvider.swift in Sources */,
				00BE01AF2B5D2D30003DD59C /* ArtistModel.swift in Sources */,
				00BE01902B5A8376003DD59C /* NetworkService.swift in Sources */,
				00BE019C2B5A8F7F003DD59C /* ArtworksPresenter.swift in Sources */,
				00BE01A42B5B12A5003DD59C /* ArtworksService.swift in Sources */,
				00BE018D2B59D6FB003DD59C /* NetworkHTTPMethod.swift in Sources */,
				00BE01522B59C99A003DD59C /* AppDelegate.swift in Sources */,
				00BE01542B59C99A003DD59C /* SceneDelegate.swift in Sources */,
				00BE01922B5A84C5003DD59C /* NetworkError.swift in Sources */,
				00BE01A62B5B1D5B003DD59C /* RootModel.swift in Sources */,
				00BE01A22B5AAB3A003DD59C /* ArtworkCell.swift in Sources */,
				00BE01892B59D4E0003DD59C /* NetworkServiceProtocol.swift in Sources */,
				00BE01942B5A88BC003DD59C /* ArtworksServiceProtocol.swift in Sources */,
				00BE018B2B59D634003DD59C /* NetworkResponseData.swift in Sources */,
				00BE019A2B5A8F44003DD59C /* ArtworksViewController.swift in Sources */,
			);
			runOnlyForDeploymentPostprocessing = 0;
		};
		00BE01602B59C99C003DD59C /* Sources */ = {
			isa = PBXSourcesBuildPhase;
			buildActionMask = 2147483647;
			files = (
				00BE01692B59C99C003DD59C /* ArtGalleryTests.swift in Sources */,
			);
			runOnlyForDeploymentPostprocessing = 0;
		};
		00BE016A2B59C99D003DD59C /* Sources */ = {
			isa = PBXSourcesBuildPhase;
			buildActionMask = 2147483647;
			files = (
				00BE01732B59C99D003DD59C /* ArtGalleryUITests.swift in Sources */,
				00BE01752B59C99D003DD59C /* ArtGalleryUITestsLaunchTests.swift in Sources */,
			);
			runOnlyForDeploymentPostprocessing = 0;
		};
/* End PBXSourcesBuildPhase section */

/* Begin PBXTargetDependency section */
		00BE01662B59C99C003DD59C /* PBXTargetDependency */ = {
			isa = PBXTargetDependency;
			target = 00BE014D2B59C99A003DD59C /* ArtGallery */;
			targetProxy = 00BE01652B59C99C003DD59C /* PBXContainerItemProxy */;
		};
		00BE01702B59C99D003DD59C /* PBXTargetDependency */ = {
			isa = PBXTargetDependency;
			target = 00BE014D2B59C99A003DD59C /* ArtGallery */;
			targetProxy = 00BE016F2B59C99D003DD59C /* PBXContainerItemProxy */;
		};
/* End PBXTargetDependency section */

/* Begin PBXVariantGroup section */
		00BE015C2B59C99C003DD59C /* LaunchScreen.storyboard */ = {
			isa = PBXVariantGroup;
			children = (
				00BE015D2B59C99C003DD59C /* Base */,
			);
			name = LaunchScreen.storyboard;
			sourceTree = "<group>";
		};
/* End PBXVariantGroup section */

/* Begin XCBuildConfiguration section */
		00BE01762B59C99D003DD59C /* Debug */ = {
			isa = XCBuildConfiguration;
			buildSettings = {
				ALWAYS_SEARCH_USER_PATHS = NO;
				ASSETCATALOG_COMPILER_GENERATE_SWIFT_ASSET_SYMBOL_EXTENSIONS = YES;
				CLANG_ANALYZER_NONNULL = YES;
				CLANG_ANALYZER_NUMBER_OBJECT_CONVERSION = YES_AGGRESSIVE;
				CLANG_CXX_LANGUAGE_STANDARD = "gnu++20";
				CLANG_ENABLE_MODULES = YES;
				CLANG_ENABLE_OBJC_ARC = YES;
				CLANG_ENABLE_OBJC_WEAK = YES;
				CLANG_WARN_BLOCK_CAPTURE_AUTORELEASING = YES;
				CLANG_WARN_BOOL_CONVERSION = YES;
				CLANG_WARN_COMMA = YES;
				CLANG_WARN_CONSTANT_CONVERSION = YES;
				CLANG_WARN_DEPRECATED_OBJC_IMPLEMENTATIONS = YES;
				CLANG_WARN_DIRECT_OBJC_ISA_USAGE = YES_ERROR;
				CLANG_WARN_DOCUMENTATION_COMMENTS = YES;
				CLANG_WARN_EMPTY_BODY = YES;
				CLANG_WARN_ENUM_CONVERSION = YES;
				CLANG_WARN_INFINITE_RECURSION = YES;
				CLANG_WARN_INT_CONVERSION = YES;
				CLANG_WARN_NON_LITERAL_NULL_CONVERSION = YES;
				CLANG_WARN_OBJC_IMPLICIT_RETAIN_SELF = YES;
				CLANG_WARN_OBJC_LITERAL_CONVERSION = YES;
				CLANG_WARN_OBJC_ROOT_CLASS = YES_ERROR;
				CLANG_WARN_QUOTED_INCLUDE_IN_FRAMEWORK_HEADER = YES;
				CLANG_WARN_RANGE_LOOP_ANALYSIS = YES;
				CLANG_WARN_STRICT_PROTOTYPES = YES;
				CLANG_WARN_SUSPICIOUS_MOVE = YES;
				CLANG_WARN_UNGUARDED_AVAILABILITY = YES_AGGRESSIVE;
				CLANG_WARN_UNREACHABLE_CODE = YES;
				CLANG_WARN__DUPLICATE_METHOD_MATCH = YES;
				COPY_PHASE_STRIP = NO;
				DEBUG_INFORMATION_FORMAT = dwarf;
				ENABLE_STRICT_OBJC_MSGSEND = YES;
				ENABLE_TESTABILITY = YES;
				ENABLE_USER_SCRIPT_SANDBOXING = YES;
				GCC_C_LANGUAGE_STANDARD = gnu17;
				GCC_DYNAMIC_NO_PIC = NO;
				GCC_NO_COMMON_BLOCKS = YES;
				GCC_OPTIMIZATION_LEVEL = 0;
				GCC_PREPROCESSOR_DEFINITIONS = (
					"DEBUG=1",
					"$(inherited)",
				);
				GCC_WARN_64_TO_32_BIT_CONVERSION = YES;
				GCC_WARN_ABOUT_RETURN_TYPE = YES_ERROR;
				GCC_WARN_UNDECLARED_SELECTOR = YES;
				GCC_WARN_UNINITIALIZED_AUTOS = YES_AGGRESSIVE;
				GCC_WARN_UNUSED_FUNCTION = YES;
				GCC_WARN_UNUSED_VARIABLE = YES;
				IPHONEOS_DEPLOYMENT_TARGET = 17.2;
				LOCALIZATION_PREFERS_STRING_CATALOGS = YES;
				MTL_ENABLE_DEBUG_INFO = INCLUDE_SOURCE;
				MTL_FAST_MATH = YES;
				ONLY_ACTIVE_ARCH = YES;
				SDKROOT = iphoneos;
				SWIFT_ACTIVE_COMPILATION_CONDITIONS = "DEBUG $(inherited)";
				SWIFT_OPTIMIZATION_LEVEL = "-Onone";
			};
			name = Debug;
		};
		00BE01772B59C99D003DD59C /* Release */ = {
			isa = XCBuildConfiguration;
			buildSettings = {
				ALWAYS_SEARCH_USER_PATHS = NO;
				ASSETCATALOG_COMPILER_GENERATE_SWIFT_ASSET_SYMBOL_EXTENSIONS = YES;
				CLANG_ANALYZER_NONNULL = YES;
				CLANG_ANALYZER_NUMBER_OBJECT_CONVERSION = YES_AGGRESSIVE;
				CLANG_CXX_LANGUAGE_STANDARD = "gnu++20";
				CLANG_ENABLE_MODULES = YES;
				CLANG_ENABLE_OBJC_ARC = YES;
				CLANG_ENABLE_OBJC_WEAK = YES;
				CLANG_WARN_BLOCK_CAPTURE_AUTORELEASING = YES;
				CLANG_WARN_BOOL_CONVERSION = YES;
				CLANG_WARN_COMMA = YES;
				CLANG_WARN_CONSTANT_CONVERSION = YES;
				CLANG_WARN_DEPRECATED_OBJC_IMPLEMENTATIONS = YES;
				CLANG_WARN_DIRECT_OBJC_ISA_USAGE = YES_ERROR;
				CLANG_WARN_DOCUMENTATION_COMMENTS = YES;
				CLANG_WARN_EMPTY_BODY = YES;
				CLANG_WARN_ENUM_CONVERSION = YES;
				CLANG_WARN_INFINITE_RECURSION = YES;
				CLANG_WARN_INT_CONVERSION = YES;
				CLANG_WARN_NON_LITERAL_NULL_CONVERSION = YES;
				CLANG_WARN_OBJC_IMPLICIT_RETAIN_SELF = YES;
				CLANG_WARN_OBJC_LITERAL_CONVERSION = YES;
				CLANG_WARN_OBJC_ROOT_CLASS = YES_ERROR;
				CLANG_WARN_QUOTED_INCLUDE_IN_FRAMEWORK_HEADER = YES;
				CLANG_WARN_RANGE_LOOP_ANALYSIS = YES;
				CLANG_WARN_STRICT_PROTOTYPES = YES;
				CLANG_WARN_SUSPICIOUS_MOVE = YES;
				CLANG_WARN_UNGUARDED_AVAILABILITY = YES_AGGRESSIVE;
				CLANG_WARN_UNREACHABLE_CODE = YES;
				CLANG_WARN__DUPLICATE_METHOD_MATCH = YES;
				COPY_PHASE_STRIP = NO;
				DEBUG_INFORMATION_FORMAT = "dwarf-with-dsym";
				ENABLE_NS_ASSERTIONS = NO;
				ENABLE_STRICT_OBJC_MSGSEND = YES;
				ENABLE_USER_SCRIPT_SANDBOXING = YES;
				GCC_C_LANGUAGE_STANDARD = gnu17;
				GCC_NO_COMMON_BLOCKS = YES;
				GCC_WARN_64_TO_32_BIT_CONVERSION = YES;
				GCC_WARN_ABOUT_RETURN_TYPE = YES_ERROR;
				GCC_WARN_UNDECLARED_SELECTOR = YES;
				GCC_WARN_UNINITIALIZED_AUTOS = YES_AGGRESSIVE;
				GCC_WARN_UNUSED_FUNCTION = YES;
				GCC_WARN_UNUSED_VARIABLE = YES;
				IPHONEOS_DEPLOYMENT_TARGET = 17.2;
				LOCALIZATION_PREFERS_STRING_CATALOGS = YES;
				MTL_ENABLE_DEBUG_INFO = NO;
				MTL_FAST_MATH = YES;
				SDKROOT = iphoneos;
				SWIFT_COMPILATION_MODE = wholemodule;
				VALIDATE_PRODUCT = YES;
			};
			name = Release;
		};
		00BE01792B59C99D003DD59C /* Debug */ = {
			isa = XCBuildConfiguration;
			buildSettings = {
				ASSETCATALOG_COMPILER_APPICON_NAME = AppIcon;
				ASSETCATALOG_COMPILER_GLOBAL_ACCENT_COLOR_NAME = AccentColor;
				CODE_SIGN_STYLE = Automatic;
				CURRENT_PROJECT_VERSION = 1;
				DEVELOPMENT_TEAM = 4H2WWUCQQY;
				GENERATE_INFOPLIST_FILE = YES;
				INFOPLIST_FILE = ArtGallery/Info.plist;
				INFOPLIST_KEY_UIApplicationSupportsIndirectInputEvents = YES;
				INFOPLIST_KEY_UILaunchStoryboardName = LaunchScreen;
				INFOPLIST_KEY_UISupportedInterfaceOrientations = UIInterfaceOrientationPortrait;
				INFOPLIST_KEY_UISupportedInterfaceOrientations_iPad = "UIInterfaceOrientationLandscapeLeft UIInterfaceOrientationLandscapeRight UIInterfaceOrientationPortrait UIInterfaceOrientationPortraitUpsideDown";
				IPHONEOS_DEPLOYMENT_TARGET = 13.0;
				LD_RUNPATH_SEARCH_PATHS = (
					"$(inherited)",
					"@executable_path/Frameworks",
				);
				MARKETING_VERSION = 1.0;
				PRODUCT_BUNDLE_IDENTIFIER = "artem-orlov.ArtGallery";
				PRODUCT_NAME = "$(TARGET_NAME)";
				SUPPORTED_PLATFORMS = "iphoneos iphonesimulator";
				SUPPORTS_MACCATALYST = NO;
				SWIFT_EMIT_LOC_STRINGS = YES;
				SWIFT_VERSION = 5.0;
				TARGETED_DEVICE_FAMILY = 1;
			};
			name = Debug;
		};
		00BE017A2B59C99D003DD59C /* Release */ = {
			isa = XCBuildConfiguration;
			buildSettings = {
				ASSETCATALOG_COMPILER_APPICON_NAME = AppIcon;
				ASSETCATALOG_COMPILER_GLOBAL_ACCENT_COLOR_NAME = AccentColor;
				CODE_SIGN_STYLE = Automatic;
				CURRENT_PROJECT_VERSION = 1;
				DEVELOPMENT_TEAM = 4H2WWUCQQY;
				GENERATE_INFOPLIST_FILE = YES;
				INFOPLIST_FILE = ArtGallery/Info.plist;
				INFOPLIST_KEY_UIApplicationSupportsIndirectInputEvents = YES;
				INFOPLIST_KEY_UILaunchStoryboardName = LaunchScreen;
				INFOPLIST_KEY_UISupportedInterfaceOrientations = UIInterfaceOrientationPortrait;
				INFOPLIST_KEY_UISupportedInterfaceOrientations_iPad = "UIInterfaceOrientationLandscapeLeft UIInterfaceOrientationLandscapeRight UIInterfaceOrientationPortrait UIInterfaceOrientationPortraitUpsideDown";
				IPHONEOS_DEPLOYMENT_TARGET = 13.0;
				LD_RUNPATH_SEARCH_PATHS = (
					"$(inherited)",
					"@executable_path/Frameworks",
				);
				MARKETING_VERSION = 1.0;
				PRODUCT_BUNDLE_IDENTIFIER = "artem-orlov.ArtGallery";
				PRODUCT_NAME = "$(TARGET_NAME)";
				SUPPORTED_PLATFORMS = "iphoneos iphonesimulator";
				SUPPORTS_MACCATALYST = NO;
				SWIFT_EMIT_LOC_STRINGS = YES;
				SWIFT_VERSION = 5.0;
				TARGETED_DEVICE_FAMILY = 1;
			};
			name = Release;
		};
		00BE017C2B59C99D003DD59C /* Debug */ = {
			isa = XCBuildConfiguration;
			buildSettings = {
				ALWAYS_EMBED_SWIFT_STANDARD_LIBRARIES = YES;
				BUNDLE_LOADER = "$(TEST_HOST)";
				CODE_SIGN_STYLE = Automatic;
				CURRENT_PROJECT_VERSION = 1;
				DEVELOPMENT_TEAM = 4H2WWUCQQY;
				GENERATE_INFOPLIST_FILE = YES;
				IPHONEOS_DEPLOYMENT_TARGET = 17.2;
				MARKETING_VERSION = 1.0;
				PRODUCT_BUNDLE_IDENTIFIER = "artem-orlov.ArtGalleryTests";
				PRODUCT_NAME = "$(TARGET_NAME)";
				SWIFT_EMIT_LOC_STRINGS = NO;
				SWIFT_VERSION = 5.0;
				TARGETED_DEVICE_FAMILY = "1,2";
				TEST_HOST = "$(BUILT_PRODUCTS_DIR)/ArtGallery.app/$(BUNDLE_EXECUTABLE_FOLDER_PATH)/ArtGallery";
			};
			name = Debug;
		};
		00BE017D2B59C99D003DD59C /* Release */ = {
			isa = XCBuildConfiguration;
			buildSettings = {
				ALWAYS_EMBED_SWIFT_STANDARD_LIBRARIES = YES;
				BUNDLE_LOADER = "$(TEST_HOST)";
				CODE_SIGN_STYLE = Automatic;
				CURRENT_PROJECT_VERSION = 1;
				DEVELOPMENT_TEAM = 4H2WWUCQQY;
				GENERATE_INFOPLIST_FILE = YES;
				IPHONEOS_DEPLOYMENT_TARGET = 17.2;
				MARKETING_VERSION = 1.0;
				PRODUCT_BUNDLE_IDENTIFIER = "artem-orlov.ArtGalleryTests";
				PRODUCT_NAME = "$(TARGET_NAME)";
				SWIFT_EMIT_LOC_STRINGS = NO;
				SWIFT_VERSION = 5.0;
				TARGETED_DEVICE_FAMILY = "1,2";
				TEST_HOST = "$(BUILT_PRODUCTS_DIR)/ArtGallery.app/$(BUNDLE_EXECUTABLE_FOLDER_PATH)/ArtGallery";
			};
			name = Release;
		};
		00BE017F2B59C99D003DD59C /* Debug */ = {
			isa = XCBuildConfiguration;
			buildSettings = {
				ALWAYS_EMBED_SWIFT_STANDARD_LIBRARIES = YES;
				CODE_SIGN_STYLE = Automatic;
				CURRENT_PROJECT_VERSION = 1;
				DEVELOPMENT_TEAM = 4H2WWUCQQY;
				GENERATE_INFOPLIST_FILE = YES;
				MARKETING_VERSION = 1.0;
				PRODUCT_BUNDLE_IDENTIFIER = "artem-orlov.ArtGalleryUITests";
				PRODUCT_NAME = "$(TARGET_NAME)";
				SWIFT_EMIT_LOC_STRINGS = NO;
				SWIFT_VERSION = 5.0;
				TARGETED_DEVICE_FAMILY = "1,2";
				TEST_TARGET_NAME = ArtGallery;
			};
			name = Debug;
		};
		00BE01802B59C99D003DD59C /* Release */ = {
			isa = XCBuildConfiguration;
			buildSettings = {
				ALWAYS_EMBED_SWIFT_STANDARD_LIBRARIES = YES;
				CODE_SIGN_STYLE = Automatic;
				CURRENT_PROJECT_VERSION = 1;
				DEVELOPMENT_TEAM = 4H2WWUCQQY;
				GENERATE_INFOPLIST_FILE = YES;
				MARKETING_VERSION = 1.0;
				PRODUCT_BUNDLE_IDENTIFIER = "artem-orlov.ArtGalleryUITests";
				PRODUCT_NAME = "$(TARGET_NAME)";
				SWIFT_EMIT_LOC_STRINGS = NO;
				SWIFT_VERSION = 5.0;
				TARGETED_DEVICE_FAMILY = "1,2";
				TEST_TARGET_NAME = ArtGallery;
			};
			name = Release;
		};
/* End XCBuildConfiguration section */

/* Begin XCConfigurationList section */
		00BE01492B59C99A003DD59C /* Build configuration list for PBXProject "ArtGallery" */ = {
			isa = XCConfigurationList;
			buildConfigurations = (
				00BE01762B59C99D003DD59C /* Debug */,
				00BE01772B59C99D003DD59C /* Release */,
			);
			defaultConfigurationIsVisible = 0;
			defaultConfigurationName = Release;
		};
		00BE01782B59C99D003DD59C /* Build configuration list for PBXNativeTarget "ArtGallery" */ = {
			isa = XCConfigurationList;
			buildConfigurations = (
				00BE01792B59C99D003DD59C /* Debug */,
				00BE017A2B59C99D003DD59C /* Release */,
			);
			defaultConfigurationIsVisible = 0;
			defaultConfigurationName = Release;
		};
		00BE017B2B59C99D003DD59C /* Build configuration list for PBXNativeTarget "ArtGalleryTests" */ = {
			isa = XCConfigurationList;
			buildConfigurations = (
				00BE017C2B59C99D003DD59C /* Debug */,
				00BE017D2B59C99D003DD59C /* Release */,
			);
			defaultConfigurationIsVisible = 0;
			defaultConfigurationName = Release;
		};
		00BE017E2B59C99D003DD59C /* Build configuration list for PBXNativeTarget "ArtGalleryUITests" */ = {
			isa = XCConfigurationList;
			buildConfigurations = (
				00BE017F2B59C99D003DD59C /* Debug */,
				00BE01802B59C99D003DD59C /* Release */,
			);
			defaultConfigurationIsVisible = 0;
			defaultConfigurationName = Release;
		};
/* End XCConfigurationList section */
	};
	rootObject = 00BE01462B59C99A003DD59C /* Project object */;
}
